
Microsoft Visual Studio Solution File, Format Version 12.00
Project("{FAE04EC0-301F-11D3-BF4B-00C04F79EFBC}") = "BrutServer", "BrutServer\BrutServer.csproj", "{B005B034-90E6-476F-8D5C-A31D4FF49487}"
EndProject
Project("{FAE04EC0-301F-11D3-BF4B-00C04F79EFBC}") = "Client", "Client\Client.csproj", "{6B48595A-C350-482F-BC61-4689E03EE815}"
EndProject
Global
	GlobalSection(SolutionConfigurationPlatforms) = preSolution
		Debug|Any CPU = Debug|Any CPU
		Release|Any CPU = Release|Any CPU
	EndGlobalSection
	GlobalSection(ProjectConfigurationPlatforms) = postSolution
		{B005B034-90E6-476F-8D5C-A31D4FF49487}.Debug|Any CPU.ActiveCfg = Debug|Any CPU
		{B005B034-90E6-476F-8D5C-A31D4FF49487}.Debug|Any CPU.Build.0 = Debug|Any CPU
		{B005B034-90E6-476F-8D5C-A31D4FF49487}.Release|Any CPU.ActiveCfg = Release|Any CPU
		{B005B034-90E6-476F-8D5C-A31D4FF49487}.Release|Any CPU.Build.0 = Release|Any CPU
		{6B48595A-C350-482F-BC61-4689E03EE815}.Debug|Any CPU.ActiveCfg = Debug|Any CPU
		{6B48595A-C350-482F-BC61-4689E03EE815}.Debug|Any CPU.Build.0 = Debug|Any CPU
		{6B48595A-C350-482F-BC61-4689E03EE815}.Release|Any CPU.ActiveCfg = Release|Any CPU
		{6B48595A-C350-482F-BC61-4689E03EE815}.Release|Any CPU.Build.0 = Release|Any CPU
	EndGlobalSection
EndGlobal
